PODS:
  - Animators (3.0.0)
  - APExtensions (7.0.1):
    - APExtensions/Abstractions (= 7.0.1)
    - APExtensions/Core (= 7.0.1)
    - APExtensions/Storyboard (= 7.0.1)
    - APExtensions/ViewConfiguration (= 7.0.1)
    - APExtensions/ViewState (= 7.0.1)
  - APExtensions/Abstractions (7.0.1)
  - APExtensions/Core (7.0.1)
  - APExtensions/Storyboard (7.0.1)
  - APExtensions/ViewConfiguration (7.0.1)
  - APExtensions/ViewState (7.0.1)
  - BaseClasses (4.0.0)
  - iOSSnapshotTestCase (6.2.0):
    - iOSSnapshotTestCase/SwiftSupport (= 6.2.0)
  - iOSSnapshotTestCase/Core (6.2.0)
  - iOSSnapshotTestCase/SwiftSupport (6.2.0):
    - iOSSnapshotTestCase/Core
  - Nimble (8.0.5)
  - Nimble-Snapshots (8.1.1):
    - Nimble-Snapshots/Core (= 8.1.1)
  - Nimble-Snapshots/Core (8.1.1):
    - iOSSnapshotTestCase (~> 6.0)
    - Nimble (~> 8.0)
  - Quick (2.2.0)

DEPENDENCIES:
  - Animators (from `../`)
  - APExtensions
  - BaseClasses
  - Nimble
  - Nimble-Snapshots
  - Quick

SPEC REPOS:
  trunk:
    - APExtensions
    - BaseClasses
    - iOSSnapshotTestCase
    - Nimble
    - Nimble-Snapshots
    - Quick

EXTERNAL SOURCES:
  Animators:
    :path: "../"

SPEC CHECKSUMS:
  Animators: a181e2a4a3c11d2c3534c6d8578bcb85a2fd2ae2
  APExtensions: 9a7a7b6ff5b9785b245962de89fbbdaf4c10f10e
  BaseClasses: e75a0ee46c79256b63b6ca207b5918720e54d524
  iOSSnapshotTestCase: 9ab44cb5aa62b84d31847f40680112e15ec579a6
  Nimble: 4ab1aeb9b45553c75b9687196b0fa0713170a332
  Nimble-Snapshots: 5058fb9b459e64371f54a0f8d9dde6f33db490a0
  Quick: 7fb19e13be07b5dfb3b90d4f9824c855a11af40e

PODFILE CHECKSUM: 605dc19f107ee9b3e394bfca574f37ee21eb5d93

COCOAPODS: 1.8.4
